
Microsoft Visual Studio Solution File, Format Version 12.00
# Visual Studio 14
VisualStudioVersion = 14.0.25420.1
MinimumVisualStudioVersion = 10.0.40219.1
Project("{2150E333-8FDC-42A3-9474-1A3956D46DE8}") = "SDL", "SDL", "{224D823F-47D9-4564-AE04-5101EA052510}"
EndProject
Project("{8BC9CEB8-8B4A-11D0-8D11-00A0C91BC942}") = "SDL2", "Code\SDL2-2.0.8\VisualC\SDL\SDL.vcxproj", "{81CE8DAF-EBB2-4761-8E45-B71ABCCA8C68}"
EndProject
Project("{8BC9CEB8-8B4A-11D0-8D11-00A0C91BC942}") = "SDL2_image", "Code\SDL2_image-2.0.3\VisualC\SDL_image.vcxproj", "{2BD5534E-00E2-4BEA-AC96-D9A92EA24696}"
	ProjectSection(ProjectDependencies) = postProject
		{81CE8DAF-EBB2-4761-8E45-B71ABCCA8C68} = {81CE8DAF-EBB2-4761-8E45-B71ABCCA8C68}
	EndProjectSection
EndProject
Project("{8BC9CEB8-8B4A-11D0-8D11-00A0C91BC942}") = "Engine", "Code\Engine\Engine.vcxproj", "{4AB211C2-D1D1-4DF2-B6B3-18BAA5744637}"
	ProjectSection(ProjectDependencies) = postProject
		{2BD5534E-00E2-4BEA-AC96-D9A92EA24696} = {2BD5534E-00E2-4BEA-AC96-D9A92EA24696}
		{A16D019D-BD21-4235-8B70-1C9B6FAAA37F} = {A16D019D-BD21-4235-8B70-1C9B6FAAA37F}
		{81CE8DAF-EBB2-4761-8E45-B71ABCCA8C68} = {81CE8DAF-EBB2-4761-8E45-B71ABCCA8C68}
		{DA956FD3-E142-46F2-9DD5-C78BEBB56B7A} = {DA956FD3-E142-46F2-9DD5-C78BEBB56B7A}
	EndProjectSection
EndProject
Project("{8BC9CEB8-8B4A-11D0-8D11-00A0C91BC942}") = "Deja", "Code\Deja\Deja.vcxproj", "{A16D019D-BD21-4235-8B70-1C9B6FAAA37F}"
EndProject
Project("{8BC9CEB8-8B4A-11D0-8D11-00A0C91BC942}") = "2DGame", "Code\2DGame\2DGame.vcxproj", "{CF66E54D-3A4E-4B05-A7F7-38DF8B384623}"
	ProjectSection(ProjectDependencies) = postProject
		{A16D019D-BD21-4235-8B70-1C9B6FAAA37F} = {A16D019D-BD21-4235-8B70-1C9B6FAAA37F}
		{4AB211C2-D1D1-4DF2-B6B3-18BAA5744637} = {4AB211C2-D1D1-4DF2-B6B3-18BAA5744637}
	EndProjectSection
EndProject
Project("{8BC9CEB8-8B4A-11D0-8D11-00A0C91BC942}") = "SDL2main", "Code\SDL2-2.0.8\VisualC\SDLmain\SDLmain.vcxproj", "{DA956FD3-E142-46F2-9DD5-C78BEBB56B7A}"
	ProjectSection(ProjectDependencies) = postProject
		{81CE8DAF-EBB2-4761-8E45-B71ABCCA8C68} = {81CE8DAF-EBB2-4761-8E45-B71ABCCA8C68}
	EndProjectSection
EndProject
Global
	GlobalSection(SolutionConfigurationPlatforms) = preSolution
		Debug|x64 = Debug|x64
		Debug|x86 = Debug|x86
		Release|x64 = Release|x64
		Release|x86 = Release|x86
	EndGlobalSection
	GlobalSection(ProjectConfigurationPlatforms) = postSolution
		{81CE8DAF-EBB2-4761-8E45-B71ABCCA8C68}.Debug|x64.ActiveCfg = Debug|x64
		{81CE8DAF-EBB2-4761-8E45-B71ABCCA8C68}.Debug|x64.Build.0 = Debug|x64
		{81CE8DAF-EBB2-4761-8E45-B71ABCCA8C68}.Debug|x86.ActiveCfg = Debug|Win32
		{81CE8DAF-EBB2-4761-8E45-B71ABCCA8C68}.Debug|x86.Build.0 = Debug|Win32
		{81CE8DAF-EBB2-4761-8E45-B71ABCCA8C68}.Release|x64.ActiveCfg = Release|x64
		{81CE8DAF-EBB2-4761-8E45-B71ABCCA8C68}.Release|x64.Build.0 = Release|x64
		{81CE8DAF-EBB2-4761-8E45-B71ABCCA8C68}.Release|x86.ActiveCfg = Release|Win32
		{81CE8DAF-EBB2-4761-8E45-B71ABCCA8C68}.Release|x86.Build.0 = Release|Win32
		{2BD5534E-00E2-4BEA-AC96-D9A92EA24696}.Debug|x64.ActiveCfg = Debug|x64
		{2BD5534E-00E2-4BEA-AC96-D9A92EA24696}.Debug|x64.Build.0 = Debug|x64
		{2BD5534E-00E2-4BEA-AC96-D9A92EA24696}.Debug|x86.ActiveCfg = Debug|Win32
		{2BD5534E-00E2-4BEA-AC96-D9A92EA24696}.Debug|x86.Build.0 = Debug|Win32
		{2BD5534E-00E2-4BEA-AC96-D9A92EA24696}.Release|x64.ActiveCfg = Release|x64
		{2BD5534E-00E2-4BEA-AC96-D9A92EA24696}.Release|x64.Build.0 = Release|x64
		{2BD5534E-00E2-4BEA-AC96-D9A92EA24696}.Release|x86.ActiveCfg = Release|Win32
		{2BD5534E-00E2-4BEA-AC96-D9A92EA24696}.Release|x86.Build.0 = Release|Win32
		{4AB211C2-D1D1-4DF2-B6B3-18BAA5744637}.Debug|x64.ActiveCfg = Debug|x64
		{4AB211C2-D1D1-4DF2-B6B3-18BAA5744637}.Debug|x64.Build.0 = Debug|x64
		{4AB211C2-D1D1-4DF2-B6B3-18BAA5744637}.Debug|x86.ActiveCfg = Debug|Win32
		{4AB211C2-D1D1-4DF2-B6B3-18BAA5744637}.Debug|x86.Build.0 = Debug|Win32
		{4AB211C2-D1D1-4DF2-B6B3-18BAA5744637}.Release|x64.ActiveCfg = Release|x64
		{4AB211C2-D1D1-4DF2-B6B3-18BAA5744637}.Release|x64.Build.0 = Release|x64
		{4AB211C2-D1D1-4DF2-B6B3-18BAA5744637}.Release|x86.ActiveCfg = Release|Win32
		{4AB211C2-D1D1-4DF2-B6B3-18BAA5744637}.Release|x86.Build.0 = Release|Win32
		{A16D019D-BD21-4235-8B70-1C9B6FAAA37F}.Debug|x64.ActiveCfg = Debug|x64
		{A16D019D-BD21-4235-8B70-1C9B6FAAA37F}.Debug|x64.Build.0 = Debug|x64
		{A16D019D-BD21-4235-8B70-1C9B6FAAA37F}.Debug|x86.ActiveCfg = Debug|Win32
		{A16D019D-BD21-4235-8B70-1C9B6FAAA37F}.Debug|x86.Build.0 = Debug|Win32
		{A16D019D-BD21-4235-8B70-1C9B6FAAA37F}.Release|x64.ActiveCfg = Release|x64
		{A16D019D-BD21-4235-8B70-1C9B6FAAA37F}.Release|x64.Build.0 = Release|x64
		{A16D019D-BD21-4235-8B70-1C9B6FAAA37F}.Release|x86.ActiveCfg = Release|Win32
		{A16D019D-BD21-4235-8B70-1C9B6FAAA37F}.Release|x86.Build.0 = Release|Win32
		{CF66E54D-3A4E-4B05-A7F7-38DF8B384623}.Debug|x64.ActiveCfg = Debug|x64
		{CF66E54D-3A4E-4B05-A7F7-38DF8B384623}.Debug|x64.Build.0 = Debug|x64
		{CF66E54D-3A4E-4B05-A7F7-38DF8B384623}.Debug|x86.ActiveCfg = Debug|Win32
		{CF66E54D-3A4E-4B05-A7F7-38DF8B384623}.Debug|x86.Build.0 = Debug|Win32
		{CF66E54D-3A4E-4B05-A7F7-38DF8B384623}.Release|x64.ActiveCfg = Release|x64
		{CF66E54D-3A4E-4B05-A7F7-38DF8B384623}.Release|x64.Build.0 = Release|x64
		{CF66E54D-3A4E-4B05-A7F7-38DF8B384623}.Release|x86.ActiveCfg = Release|Win32
		{CF66E54D-3A4E-4B05-A7F7-38DF8B384623}.Release|x86.Build.0 = Release|Win32
		{DA956FD3-E142-46F2-9DD5-C78BEBB56B7A}.Debug|x64.ActiveCfg = Debug|x64
		{DA956FD3-E142-46F2-9DD5-C78BEBB56B7A}.Debug|x64.Build.0 = Debug|x64
		{DA956FD3-E142-46F2-9DD5-C78BEBB56B7A}.Debug|x86.ActiveCfg = Debug|Win32
		{DA956FD3-E142-46F2-9DD5-C78BEBB56B7A}.Debug|x86.Build.0 = Debug|Win32
		{DA956FD3-E142-46F2-9DD5-C78BEBB56B7A}.Release|x64.ActiveCfg = Release|x64
		{DA956FD3-E142-46F2-9DD5-C78BEBB56B7A}.Release|x64.Build.0 = Release|x64
		{DA956FD3-E142-46F2-9DD5-C78BEBB56B7A}.Release|x86.ActiveCfg = Release|Win32
		{DA956FD3-E142-46F2-9DD5-C78BEBB56B7A}.Release|x86.Build.0 = Release|Win32
	EndGlobalSection
	GlobalSection(SolutionProperties) = preSolution
		HideSolutionNode = FALSE
	EndGlobalSection
	GlobalSection(NestedProjects) = preSolution
		{81CE8DAF-EBB2-4761-8E45-B71ABCCA8C68} = {224D823F-47D9-4564-AE04-5101EA052510}
		{2BD5534E-00E2-4BEA-AC96-D9A92EA24696} = {224D823F-47D9-4564-AE04-5101EA052510}
		{DA956FD3-E142-46F2-9DD5-C78BEBB56B7A} = {224D823F-47D9-4564-AE04-5101EA052510}
	EndGlobalSection
EndGlobal
